
Microsoft Visual Studio Solution File, Format Version 12.00
# Visual Studio Version 16
VisualStudioVersion = 16.0.29920.165
MinimumVisualStudioVersion = 10.0.40219.1
Project("{FAE04EC0-301F-11D3-BF4B-00C04F79EFBC}") = "Queue", "Queue\Queue.csproj", "{1B2FC602-81C3-4738-BA9B-19A210DC8DDB}"
EndProject
Global
	GlobalSection(SolutionConfigurationPlatforms) = preSolution
		Debug|Any CPU = Debug|Any CPU
		Release|Any CPU = Release|Any CPU
	EndGlobalSection
	GlobalSection(ProjectConfigurationPlatforms) = postSolution
		{1B2FC602-81C3-4738-BA9B-19A210DC8DDB}.Debug|Any CPU.ActiveCfg = Debug|Any CPU
		{1B2FC602-81C3-4738-BA9B-19A210DC8DDB}.Debug|Any CPU.Build.0 = Debug|Any CPU
		{1B2FC602-81C3-4738-BA9B-19A210DC8DDB}.Release|Any CPU.ActiveCfg = Release|Any CPU
		{1B2FC602-81C3-4738-BA9B-19A210DC8DDB}.Release|Any CPU.Build.0 = Release|Any CPU
	EndGlobalSection
	GlobalSection(SolutionProperties) = preSolution
		HideSolutionNode = FALSE
	EndGlobalSection
	GlobalSection(ExtensibilityGlobals) = postSolution
		SolutionGuid = {0A3FB38D-592C-48A0-B72E-226BC90B7292}
	EndGlobalSection
EndGlobal
